<?xml version="1.0" encoding="utf-8"?>
<Project ToolsVersion="18.0" xmlns="http://schemas.microsoft.com/developer/msbuild/2003">
  <ItemGroup>
    <ClCompile Include="C:\Users\sathi\.gemini\antigravity\scratch\vr-inject\tests\test_logger.cpp">
      <Filter>Source Files</Filter>
    </ClCompile>
  </ItemGroup>
  <ItemGroup>
    <ClInclude Include="C:\Users\sathi\.gemini\antigravity\scratch\vr-inject\src\core\logger.h">
      <Filter>Header Files</Filter>
    </ClInclude>
  </ItemGroup>
  <ItemGroup>
    <CustomBuild Include="C:\Users\sathi\.gemini\antigravity\scratch\vr-inject\CMakeLists.txt" />
  </ItemGroup>
  <ItemGroup>
    <Filter Include="Header Files">
      <UniqueIdentifier>{27A8A0FA-BF51-378C-9395-4E3235C90B0E}</UniqueIdentifier>
    </Filter>
    <Filter Include="Source Files">
      <UniqueIdentifier>{10549D80-EBC1-3709-91FA-BA8564E2EE9F}</UniqueIdentifier>
    </Filter>
  </ItemGroup>
</Project>
