<?xml version="1.0" encoding="utf-8"?>
<Project ToolsVersion="18.0" xmlns="http://schemas.microsoft.com/developer/msbuild/2003">
  <ItemGroup>
    <ClCompile Include="C:\Users\sathi\.gemini\antigravity\scratch\vr-inject\tests\matrix_harness.cpp">
      <Filter>Source Files</Filter>
    </ClCompile>
    <ClCompile Include="C:\Users\sathi\.gemini\antigravity\scratch\vr-inject\ai_matrix_classifier\matrix_classifier.cpp">
      <Filter>Source Files</Filter>
    </ClCompile>
  </ItemGroup>
  <ItemGroup>
    <CustomBuild Include="C:\Users\sathi\.gemini\antigravity\scratch\vr-inject\CMakeLists.txt" />
  </ItemGroup>
  <ItemGroup>
    <Filter Include="Source Files">
      <UniqueIdentifier>{10549D80-EBC1-3709-91FA-BA8564E2EE9F}</UniqueIdentifier>
    </Filter>
  </ItemGroup>
</Project>
