<?xml version="1.0" encoding="utf-8"?>
<Project ToolsVersion="18.0" xmlns="http://schemas.microsoft.com/developer/msbuild/2003">
  <ItemGroup>
    <ClCompile Include="C:\Users\sathi\.gemini\antigravity\scratch\vr-inject\src\dllmain.cpp">
      <Filter>Source Files</Filter>
    </ClCompile>
    <ClCompile Include="C:\Users\sathi\.gemini\antigravity\scratch\vr-inject\src\core\engine_detector.cpp">
      <Filter>Source Files</Filter>
    </ClCompile>
    <ClCompile Include="C:\Users\sathi\.gemini\antigravity\scratch\vr-inject\src\core\drm_manager.cpp">
      <Filter>Source Files</Filter>
    </ClCompile>
    <ClCompile Include="C:\Users\sathi\.gemini\antigravity\scratch\vr-inject\src\core\hook_manager.cpp">
      <Filter>Source Files</Filter>
    </ClCompile>
    <ClCompile Include="C:\Users\sathi\.gemini\antigravity\scratch\vr-inject\src\hooks\unreal_hook.cpp">
      <Filter>Source Files</Filter>
    </ClCompile>
    <ClCompile Include="C:\Users\sathi\.gemini\antigravity\scratch\vr-inject\src\hooks\unity_hook.cpp">
      <Filter>Source Files</Filter>
    </ClCompile>
    <ClCompile Include="C:\Users\sathi\.gemini\antigravity\scratch\vr-inject\src\core\memory_scanner.cpp">
      <Filter>Source Files</Filter>
    </ClCompile>
    <ClCompile Include="C:\Users\sathi\.gemini\antigravity\scratch\vr-inject\src\rendering\backends\dx11_renderer.cpp">
      <Filter>Source Files</Filter>
    </ClCompile>
    <ClCompile Include="C:\Users\sathi\.gemini\antigravity\scratch\vr-inject\src\rendering\backends\dx12_renderer.cpp">
      <Filter>Source Files</Filter>
    </ClCompile>
    <ClCompile Include="C:\Users\sathi\.gemini\antigravity\scratch\vr-inject\src\rendering\backends\vulkan_renderer.cpp">
      <Filter>Source Files</Filter>
    </ClCompile>
    <ClCompile Include="C:\Users\sathi\.gemini\antigravity\scratch\vr-inject\src\hooks\dx11_hook.cpp">
      <Filter>Source Files</Filter>
    </ClCompile>
    <ClCompile Include="C:\Users\sathi\.gemini\antigravity\scratch\vr-inject\src\hooks\dx12_hook.cpp">
      <Filter>Source Files</Filter>
    </ClCompile>
    <ClCompile Include="C:\Users\sathi\.gemini\antigravity\scratch\vr-inject\src\hooks\dxgi_factory_hook.cpp">
      <Filter>Source Files</Filter>
    </ClCompile>
    <ClCompile Include="C:\Users\sathi\.gemini\antigravity\scratch\vr-inject\src\hooks\vulkan_layer.cpp">
      <Filter>Source Files</Filter>
    </ClCompile>
    <ClCompile Include="C:\Users\sathi\.gemini\antigravity\scratch\vr-inject\src\rendering\stereo_pipeline.cpp">
      <Filter>Source Files</Filter>
    </ClCompile>
    <ClCompile Include="C:\Users\sathi\.gemini\antigravity\scratch\vr-inject\src\rendering\comfort_guard.cpp">
      <Filter>Source Files</Filter>
    </ClCompile>
    <ClCompile Include="C:\Users\sathi\.gemini\antigravity\scratch\vr-inject\src\rendering\depth_reprojector.cpp">
      <Filter>Source Files</Filter>
    </ClCompile>
    <ClCompile Include="C:\Users\sathi\.gemini\antigravity\scratch\vr-inject\src\rendering\neural_inpainter.cpp">
      <Filter>Source Files</Filter>
    </ClCompile>
    <ClCompile Include="C:\Users\sathi\.gemini\antigravity\scratch\vr-inject\src\rendering\openxr_manager.cpp">
      <Filter>Source Files</Filter>
    </ClCompile>
    <ClCompile Include="C:\Users\sathi\.gemini\antigravity\scratch\vr-inject\src\rendering\cross_adapter_copier.cpp">
      <Filter>Source Files</Filter>
    </ClCompile>
    <ClCompile Include="C:\Users\sathi\.gemini\antigravity\scratch\vr-inject\src\core\engine_scanners\unreal_scanner.cpp">
      <Filter>Source Files</Filter>
    </ClCompile>
    <ClCompile Include="C:\Users\sathi\.gemini\antigravity\scratch\vr-inject\src\core\engine_scanners\unity_scanner.cpp">
      <Filter>Source Files</Filter>
    </ClCompile>
    <ClCompile Include="C:\Users\sathi\.gemini\antigravity\scratch\vr-inject\src\core\motion_predictor.cpp">
      <Filter>Source Files</Filter>
    </ClCompile>
    <ClCompile Include="C:\Users\sathi\.gemini\antigravity\scratch\vr-inject\src\hooks\input_hook.cpp">
      <Filter>Source Files</Filter>
    </ClCompile>
    <ClCompile Include="C:\Users\sathi\.gemini\antigravity\scratch\vr-inject\src\hooks\input_manager.cpp">
      <Filter>Source Files</Filter>
    </ClCompile>
    <ClCompile Include="C:\Users\sathi\.gemini\antigravity\scratch\vr-inject\src\hooks\audio_hook.cpp">
      <Filter>Source Files</Filter>
    </ClCompile>
    <ClCompile Include="C:\Users\sathi\.gemini\antigravity\scratch\vr-inject\src\core\matrix_classifier.cpp">
      <Filter>Source Files</Filter>
    </ClCompile>
    <ClCompile Include="C:\Users\sathi\.gemini\antigravity\scratch\vr-inject\src\core\config_manager.cpp">
      <Filter>Source Files</Filter>
    </ClCompile>
    <ClCompile Include="C:\Users\sathi\.gemini\antigravity\scratch\vr-inject\src\core\overlay_manager.cpp">
      <Filter>Source Files</Filter>
    </ClCompile>
    <ClCompile Include="C:\Users\sathi\.gemini\antigravity\scratch\vr-inject\src\rendering\imgui_dx12_integration.cpp">
      <Filter>Source Files</Filter>
    </ClCompile>
    <ClCompile Include="C:\Users\sathi\.gemini\antigravity\scratch\vr-inject\src\ai\ai_profiler.cpp">
      <Filter>Source Files</Filter>
    </ClCompile>
    <ClCompile Include="C:\Users\sathi\.gemini\antigravity\scratch\vr-inject\src\core\engine_scanners\universal_scanner.cpp">
      <Filter>Source Files</Filter>
    </ClCompile>
    <ClCompile Include="C:\Users\sathi\.gemini\antigravity\scratch\vr-inject\build_baseline\_deps\minhook-src\src\buffer.c">
      <Filter>Source Files</Filter>
    </ClCompile>
    <ClCompile Include="C:\Users\sathi\.gemini\antigravity\scratch\vr-inject\build_baseline\_deps\minhook-src\src\hook.c">
      <Filter>Source Files</Filter>
    </ClCompile>
    <ClCompile Include="C:\Users\sathi\.gemini\antigravity\scratch\vr-inject\build_baseline\_deps\minhook-src\src\trampoline.c">
      <Filter>Source Files</Filter>
    </ClCompile>
    <ClCompile Include="C:\Users\sathi\.gemini\antigravity\scratch\vr-inject\build_baseline\_deps\minhook-src\src\hde\hde32.c">
      <Filter>Source Files</Filter>
    </ClCompile>
    <ClCompile Include="C:\Users\sathi\.gemini\antigravity\scratch\vr-inject\build_baseline\_deps\minhook-src\src\hde\hde64.c">
      <Filter>Source Files</Filter>
    </ClCompile>
    <ClCompile Include="C:\Users\sathi\.gemini\antigravity\scratch\vr-inject\build_baseline\_deps\imgui-src\imgui.cpp">
      <Filter>Source Files</Filter>
    </ClCompile>
    <ClCompile Include="C:\Users\sathi\.gemini\antigravity\scratch\vr-inject\build_baseline\_deps\imgui-src\imgui_draw.cpp">
      <Filter>Source Files</Filter>
    </ClCompile>
    <ClCompile Include="C:\Users\sathi\.gemini\antigravity\scratch\vr-inject\build_baseline\_deps\imgui-src\imgui_tables.cpp">
      <Filter>Source Files</Filter>
    </ClCompile>
    <ClCompile Include="C:\Users\sathi\.gemini\antigravity\scratch\vr-inject\build_baseline\_deps\imgui-src\imgui_widgets.cpp">
      <Filter>Source Files</Filter>
    </ClCompile>
    <ClCompile Include="C:\Users\sathi\.gemini\antigravity\scratch\vr-inject\build_baseline\_deps\imgui-src\backends\imgui_impl_win32.cpp">
      <Filter>Source Files</Filter>
    </ClCompile>
    <ClCompile Include="C:\Users\sathi\.gemini\antigravity\scratch\vr-inject\build_baseline\_deps\imgui-src\backends\imgui_impl_dx11.cpp">
      <Filter>Source Files</Filter>
    </ClCompile>
    <ClCompile Include="C:\Users\sathi\.gemini\antigravity\scratch\vr-inject\build_baseline\_deps\imgui-src\backends\imgui_impl_dx12.cpp">
      <Filter>Source Files</Filter>
    </ClCompile>
    <ClCompile Include="C:\Users\sathi\.gemini\antigravity\scratch\vr-inject\build_baseline\_deps\imgui-src\backends\imgui_impl_vulkan.cpp">
      <Filter>Source Files</Filter>
    </ClCompile>
  </ItemGroup>
  <ItemGroup>
    <ClInclude Include="C:\Users\sathi\.gemini\antigravity\scratch\vr-inject\src\core\logger.h">
      <Filter>Header Files</Filter>
    </ClInclude>
    <ClInclude Include="C:\Users\sathi\.gemini\antigravity\scratch\vr-inject\src\core\engine_detector.h">
      <Filter>Header Files</Filter>
    </ClInclude>
    <ClInclude Include="C:\Users\sathi\.gemini\antigravity\scratch\vr-inject\src\core\drm_manager.h">
      <Filter>Header Files</Filter>
    </ClInclude>
    <ClInclude Include="C:\Users\sathi\.gemini\antigravity\scratch\vr-inject\src\core\memory_scanner.h">
      <Filter>Header Files</Filter>
    </ClInclude>
    <ClInclude Include="C:\Users\sathi\.gemini\antigravity\scratch\vr-inject\src\core\ue_sdk.h">
      <Filter>Header Files</Filter>
    </ClInclude>
    <ClInclude Include="C:\Users\sathi\.gemini\antigravity\scratch\vr-inject\src\rendering\irenderer.h">
      <Filter>Header Files</Filter>
    </ClInclude>
    <ClInclude Include="C:\Users\sathi\.gemini\antigravity\scratch\vr-inject\src\rendering\backends\dx11_renderer.h">
      <Filter>Header Files</Filter>
    </ClInclude>
    <ClInclude Include="C:\Users\sathi\.gemini\antigravity\scratch\vr-inject\src\rendering\backends\dx12_renderer.h">
      <Filter>Header Files</Filter>
    </ClInclude>
    <ClInclude Include="C:\Users\sathi\.gemini\antigravity\scratch\vr-inject\src\rendering\backends\vulkan_renderer.h">
      <Filter>Header Files</Filter>
    </ClInclude>
    <ClInclude Include="C:\Users\sathi\.gemini\antigravity\scratch\vr-inject\src\hooks\dx12_hook.h">
      <Filter>Header Files</Filter>
    </ClInclude>
    <ClInclude Include="C:\Users\sathi\.gemini\antigravity\scratch\vr-inject\src\hooks\dxgi_factory_hook.h">
      <Filter>Header Files</Filter>
    </ClInclude>
    <ClInclude Include="C:\Users\sathi\.gemini\antigravity\scratch\vr-inject\src\rendering\stereo_pipeline.h">
      <Filter>Header Files</Filter>
    </ClInclude>
    <ClInclude Include="C:\Users\sathi\.gemini\antigravity\scratch\vr-inject\src\rendering\comfort_guard.h">
      <Filter>Header Files</Filter>
    </ClInclude>
    <ClInclude Include="C:\Users\sathi\.gemini\antigravity\scratch\vr-inject\src\rendering\neural_inpainter.h">
      <Filter>Header Files</Filter>
    </ClInclude>
    <ClInclude Include="C:\Users\sathi\.gemini\antigravity\scratch\vr-inject\src\rendering\openxr_manager.h">
      <Filter>Header Files</Filter>
    </ClInclude>
    <ClInclude Include="C:\Users\sathi\.gemini\antigravity\scratch\vr-inject\src\rendering\cross_adapter_copier.h">
      <Filter>Header Files</Filter>
    </ClInclude>
    <ClInclude Include="C:\Users\sathi\.gemini\antigravity\scratch\vr-inject\src\core\engine_scanners\unreal_scanner.h">
      <Filter>Header Files</Filter>
    </ClInclude>
    <ClInclude Include="C:\Users\sathi\.gemini\antigravity\scratch\vr-inject\src\core\engine_scanners\unity_scanner.h">
      <Filter>Header Files</Filter>
    </ClInclude>
    <ClInclude Include="C:\Users\sathi\.gemini\antigravity\scratch\vr-inject\src\core\motion_predictor.h">
      <Filter>Header Files</Filter>
    </ClInclude>
    <ClInclude Include="C:\Users\sathi\.gemini\antigravity\scratch\vr-inject\src\hooks\input_hook.h">
      <Filter>Header Files</Filter>
    </ClInclude>
    <ClInclude Include="C:\Users\sathi\.gemini\antigravity\scratch\vr-inject\src\hooks\input_manager.h">
      <Filter>Header Files</Filter>
    </ClInclude>
    <ClInclude Include="C:\Users\sathi\.gemini\antigravity\scratch\vr-inject\src\core\matrix_classifier.h">
      <Filter>Header Files</Filter>
    </ClInclude>
    <ClInclude Include="C:\Users\sathi\.gemini\antigravity\scratch\vr-inject\src\core\config_manager.h">
      <Filter>Header Files</Filter>
    </ClInclude>
    <ClInclude Include="C:\Users\sathi\.gemini\antigravity\scratch\vr-inject\src\core\overlay_manager.h">
      <Filter>Header Files</Filter>
    </ClInclude>
    <ClInclude Include="C:\Users\sathi\.gemini\antigravity\scratch\vr-inject\src\rendering\imgui_dx12_integration.h">
      <Filter>Header Files</Filter>
    </ClInclude>
    <ClInclude Include="C:\Users\sathi\.gemini\antigravity\scratch\vr-inject\src\ai\ai_profiler.h">
      <Filter>Header Files</Filter>
    </ClInclude>
    <ClInclude Include="C:\Users\sathi\.gemini\antigravity\scratch\vr-inject\src\core\engine_scanners\universal_scanner.h">
      <Filter>Header Files</Filter>
    </ClInclude>
  </ItemGroup>
  <ItemGroup>
    <CustomBuild Include="C:\Users\sathi\.gemini\antigravity\scratch\vr-inject\CMakeLists.txt" />
  </ItemGroup>
  <ItemGroup>
    <Filter Include="Header Files">
      <UniqueIdentifier>{27A8A0FA-BF51-378C-9395-4E3235C90B0E}</UniqueIdentifier>
    </Filter>
    <Filter Include="Source Files">
      <UniqueIdentifier>{10549D80-EBC1-3709-91FA-BA8564E2EE9F}</UniqueIdentifier>
    </Filter>
  </ItemGroup>
</Project>
