<?xml version="1.0" encoding="UTF-8"?>
<Solution>
	<Configurations>
		<BuildType Name="Debug"/>
		<BuildType Name="Release"/>
		<BuildType Name="MinSizeRel"/>
		<BuildType Name="RelWithDebInfo"/>
		<Platform Name="x64"/>
	</Configurations>
	<Project Path="compile_shaders.vcxproj" Type="8bc9ceb8-8b4a-11d0-8d11-00a0c91bc942" Id="069fe9f2-d9a5-3eb5-ada1-7c894791c3d3">
		<BuildDependency Project="ZERO_CHECK.vcxproj"/>
	</Project>
	<Project Path="dummy_app.vcxproj" Type="8bc9ceb8-8b4a-11d0-8d11-00a0c91bc942" Id="17a69ee2-6bb0-3060-a2c6-9a1f309e5e7a">
		<BuildDependency Project="ZERO_CHECK.vcxproj"/>
	</Project>
	<Project Path="dxgi_proxy.vcxproj" Type="8bc9ceb8-8b4a-11d0-8d11-00a0c91bc942" Id="5977506d-16f5-34cc-a7d8-8bf4a214f2a2">
		<BuildDependency Project="ZERO_CHECK.vcxproj"/>
	</Project>
	<Project Path="generate_expected_hash.vcxproj" Type="8bc9ceb8-8b4a-11d0-8d11-00a0c91bc942" Id="1b2d8993-06d6-3d7c-b6bf-e2fdcad6086e">
		<BuildDependency Project="ZERO_CHECK.vcxproj"/>
	</Project>
	<Project Path="_deps/googletest-build/googletest/gtest.vcxproj" Type="8bc9ceb8-8b4a-11d0-8d11-00a0c91bc942" Id="6007c814-d3be-3d6d-b1ce-4c56105dcf6b">
		<BuildDependency Project="ZERO_CHECK.vcxproj"/>
	</Project>
	<Project Path="_deps/googletest-build/googletest/gtest_main.vcxproj" Type="8bc9ceb8-8b4a-11d0-8d11-00a0c91bc942" Id="81de2419-c8ff-38a3-8b61-625ed54e5fcd">
		<BuildDependency Project="ZERO_CHECK.vcxproj"/>
		<BuildDependency Project="_deps/googletest-build/googletest/gtest.vcxproj"/>
	</Project>
	<Project Path="test_app.vcxproj" Type="8bc9ceb8-8b4a-11d0-8d11-00a0c91bc942" Id="ae41eb2c-7d23-31f4-b389-0cd5275a9f69">
		<BuildDependency Project="ZERO_CHECK.vcxproj"/>
	</Project>
	<Project Path="test_config_manager.vcxproj" Type="8bc9ceb8-8b4a-11d0-8d11-00a0c91bc942" Id="0708de37-17e8-3c37-a7c3-a9b25b0c938d">
		<BuildDependency Project="ZERO_CHECK.vcxproj"/>
		<BuildDependency Project="_deps/googletest-build/googletest/gtest.vcxproj"/>
		<BuildDependency Project="_deps/googletest-build/googletest/gtest_main.vcxproj"/>
	</Project>
	<Project Path="test_logger.vcxproj" Type="8bc9ceb8-8b4a-11d0-8d11-00a0c91bc942" Id="49bd3241-a392-3cd5-b25f-bd812398477e">
		<BuildDependency Project="ZERO_CHECK.vcxproj"/>
		<BuildDependency Project="_deps/googletest-build/googletest/gtest.vcxproj"/>
		<BuildDependency Project="_deps/googletest-build/googletest/gtest_main.vcxproj"/>
	</Project>
	<Project Path="test_matrix_classifier.vcxproj" Type="8bc9ceb8-8b4a-11d0-8d11-00a0c91bc942" Id="0f0b941f-cc98-3a5d-ac19-05cadddc6a73">
		<BuildDependency Project="ZERO_CHECK.vcxproj"/>
		<BuildDependency Project="_deps/googletest-build/googletest/gtest.vcxproj"/>
		<BuildDependency Project="_deps/googletest-build/googletest/gtest_main.vcxproj"/>
	</Project>
	<Project Path="test_xr.vcxproj" Type="8bc9ceb8-8b4a-11d0-8d11-00a0c91bc942" Id="17e166cd-2407-330e-b63d-ab86c6183e0b">
		<BuildDependency Project="ZERO_CHECK.vcxproj"/>
		<BuildDependency Project="_deps/openxr-build/include/openxr/generate_openxr_header.vcxproj"/>
		<BuildDependency Project="_deps/openxr-build/src/loader/openxr_loader.vcxproj"/>
	</Project>
	<Project Path="vk_test_app.vcxproj" Type="8bc9ceb8-8b4a-11d0-8d11-00a0c91bc942" Id="540f2f87-c516-33f3-a2e5-3381b23dfb67">
		<BuildDependency Project="ZERO_CHECK.vcxproj"/>
	</Project>
	<Project Path="vr-inject-cli.vcxproj" Type="8bc9ceb8-8b4a-11d0-8d11-00a0c91bc942" Id="73603007-24c2-3e6f-9ac6-605aa83f6377">
		<BuildDependency Project="ZERO_CHECK.vcxproj"/>
		<BuildDependency Project="generate_expected_hash.vcxproj"/>
		<BuildDependency Project="vrinject.vcxproj"/>
	</Project>
	<Project Path="vr-matrix-harness.vcxproj" Type="8bc9ceb8-8b4a-11d0-8d11-00a0c91bc942" Id="f23e26e6-2870-3d94-b586-f9ce2b5bcfa2">
		<BuildDependency Project="ZERO_CHECK.vcxproj"/>
	</Project>
	<Project Path="vr-profile-harness.vcxproj" Type="8bc9ceb8-8b4a-11d0-8d11-00a0c91bc942" Id="efab150a-f2f7-3920-8c4a-4a7bcb94bcb0">
		<BuildDependency Project="ZERO_CHECK.vcxproj"/>
	</Project>
	<Project Path="vr-stress-injector.vcxproj" Type="8bc9ceb8-8b4a-11d0-8d11-00a0c91bc942" Id="d8c8ba06-9a22-31dd-b764-a08bf669535e">
		<BuildDependency Project="ZERO_CHECK.vcxproj"/>
	</Project>
	<Project Path="vrinject.vcxproj" Type="8bc9ceb8-8b4a-11d0-8d11-00a0c91bc942" Id="c8911aea-6597-3fb4-ad6e-5eef6936285b">
		<BuildDependency Project="ZERO_CHECK.vcxproj"/>
		<BuildDependency Project="compile_shaders.vcxproj"/>
		<BuildDependency Project="_deps/openxr-build/include/openxr/generate_openxr_header.vcxproj"/>
		<BuildDependency Project="_deps/openxr-build/src/loader/openxr_loader.vcxproj"/>
	</Project>
	<Folder Name="/CMake predefined targets/">
		<Project Path="ALL_BUILD.vcxproj" Type="8bc9ceb8-8b4a-11d0-8d11-00a0c91bc942" Id="487c027f-0c81-36d3-8b02-a36c8972c667" DefaultStartup="true">
			<BuildDependency Project="ZERO_CHECK.vcxproj"/>
			<BuildDependency Project="compile_shaders.vcxproj"/>
			<BuildDependency Project="dummy_app.vcxproj"/>
			<BuildDependency Project="dxgi_proxy.vcxproj"/>
			<BuildDependency Project="test_app.vcxproj"/>
			<BuildDependency Project="test_config_manager.vcxproj"/>
			<BuildDependency Project="test_logger.vcxproj"/>
			<BuildDependency Project="test_matrix_classifier.vcxproj"/>
			<BuildDependency Project="test_xr.vcxproj"/>
			<BuildDependency Project="vk_test_app.vcxproj"/>
			<BuildDependency Project="vr-inject-cli.vcxproj"/>
			<BuildDependency Project="vr-matrix-harness.vcxproj"/>
			<BuildDependency Project="vr-profile-harness.vcxproj"/>
			<BuildDependency Project="vr-stress-injector.vcxproj"/>
			<BuildDependency Project="vrinject.vcxproj"/>
		</Project>
		<Project Path="INSTALL.vcxproj" Type="8bc9ceb8-8b4a-11d0-8d11-00a0c91bc942" Id="086ddd58-ffe4-3351-aba5-7d895c55b916">
			<BuildDependency Project="ALL_BUILD.vcxproj"/>
			<BuildDependency Project="ZERO_CHECK.vcxproj"/>
			<Build Solution="Debug|*" Project="false"/>
			<Build Solution="Release|*" Project="false"/>
			<Build Solution="MinSizeRel|*" Project="false"/>
			<Build Solution="RelWithDebInfo|*" Project="false"/>
		</Project>
		<Project Path="RUN_TESTS.vcxproj" Type="8bc9ceb8-8b4a-11d0-8d11-00a0c91bc942" Id="a4689c31-7ad8-3ee3-98f2-e01dddbba29b">
			<BuildDependency Project="ZERO_CHECK.vcxproj"/>
			<Build Solution="Debug|*" Project="false"/>
			<Build Solution="Release|*" Project="false"/>
			<Build Solution="MinSizeRel|*" Project="false"/>
			<Build Solution="RelWithDebInfo|*" Project="false"/>
		</Project>
		<Project Path="ZERO_CHECK.vcxproj" Type="8bc9ceb8-8b4a-11d0-8d11-00a0c91bc942" Id="3e1eeaca-dbad-3b20-a281-2a64d7bb5bd6"/>
	</Folder>
	<Folder Name="/Generated/">
		<Project Path="_deps/openxr-build/include/openxr/generate_openxr_header.vcxproj" Type="8bc9ceb8-8b4a-11d0-8d11-00a0c91bc942" Id="2641a8cf-21cc-34d7-8093-c0727fec27ba">
			<BuildDependency Project="ZERO_CHECK.vcxproj"/>
		</Project>
		<Project Path="_deps/openxr-build/src/xr_global_generated_files.vcxproj" Type="8bc9ceb8-8b4a-11d0-8d11-00a0c91bc942" Id="cffa6a18-fe00-3dc7-9482-9811fb41ae73">
			<BuildDependency Project="ZERO_CHECK.vcxproj"/>
		</Project>
	</Folder>
	<Folder Name="/Loader/">
		<Project Path="_deps/openxr-build/src/loader/openxr_loader.vcxproj" Type="8bc9ceb8-8b4a-11d0-8d11-00a0c91bc942" Id="02164079-01c6-3a62-a876-69bf11216b93">
			<BuildDependency Project="ZERO_CHECK.vcxproj"/>
			<BuildDependency Project="_deps/openxr-build/include/openxr/generate_openxr_header.vcxproj"/>
			<BuildDependency Project="_deps/openxr-build/src/xr_global_generated_files.vcxproj"/>
		</Project>
	</Folder>
</Solution>
